
Microsoft Visual Studio Solution File, Format Version 12.00
# Visual Studio 15
VisualStudioVersion = 15.0.27004.2002
MinimumVisualStudioVersion = 10.0.40219.1
Project("{FAE04EC0-301F-11D3-BF4B-00C04F79EFBC}") = "CelicniProfili", "CelicniProfili\CelicniProfili.csproj", "{0A0D7390-04C4-472A-ABA6-586C44F9FA1B}"
EndProject
Global
	GlobalSection(SolutionConfigurationPlatforms) = preSolution
		Debug|Any CPU = Debug|Any CPU
		Release|Any CPU = Release|Any CPU
	EndGlobalSection
	GlobalSection(ProjectConfigurationPlatforms) = postSolution
		{0A0D7390-04C4-472A-ABA6-586C44F9FA1B}.Debug|Any CPU.ActiveCfg = Debug|Any CPU
		{0A0D7390-04C4-472A-ABA6-586C44F9FA1B}.Debug|Any CPU.Build.0 = Debug|Any CPU
		{0A0D7390-04C4-472A-ABA6-586C44F9FA1B}.Release|Any CPU.ActiveCfg = Release|Any CPU
		{0A0D7390-04C4-472A-ABA6-586C44F9FA1B}.Release|Any CPU.Build.0 = Release|Any CPU
	EndGlobalSection
	GlobalSection(SolutionProperties) = preSolution
		HideSolutionNode = FALSE
	EndGlobalSection
	GlobalSection(ExtensibilityGlobals) = postSolution
		SolutionGuid = {32801D1F-CDF9-4243-B93B-9382398798A7}
	EndGlobalSection
EndGlobal
